
Microsoft Visual Studio Solution File, Format Version 12.00
# Visual Studio Version 16
VisualStudioVersion = 16.0.30517.126
MinimumVisualStudioVersion = 10.0.40219.1
Project("{FAE04EC0-301F-11D3-BF4B-00C04F79EFBC}") = "DemoAppCenter", "DemoAppCenter\DemoAppCenter.csproj", "{0B3D54D7-EA27-47D1-A75B-DF3CE385E5F0}"
EndProject
Global
	GlobalSection(SolutionConfigurationPlatforms) = preSolution
		Debug|Any CPU = Debug|Any CPU
		Release|Any CPU = Release|Any CPU
	EndGlobalSection
	GlobalSection(ProjectConfigurationPlatforms) = postSolution
		{0B3D54D7-EA27-47D1-A75B-DF3CE385E5F0}.Debug|Any CPU.ActiveCfg = Debug|Any CPU
		{0B3D54D7-EA27-47D1-A75B-DF3CE385E5F0}.Debug|Any CPU.Build.0 = Debug|Any CPU
		{0B3D54D7-EA27-47D1-A75B-DF3CE385E5F0}.Release|Any CPU.ActiveCfg = Release|Any CPU
		{0B3D54D7-EA27-47D1-A75B-DF3CE385E5F0}.Release|Any CPU.Build.0 = Release|Any CPU
	EndGlobalSection
	GlobalSection(SolutionProperties) = preSolution
		HideSolutionNode = FALSE
	EndGlobalSection
	GlobalSection(ExtensibilityGlobals) = postSolution
		SolutionGuid = {16938293-B40F-4D11-97CB-D6FE96E18306}
	EndGlobalSection
EndGlobal
